// !$*UTF8*$!
{
	archiveVersion = 1;
	classes = {
	};
	objectVersion = 55;
	objects = {

/* Begin PBXBuildFile section */
		FC79E0B927DE5F5C00E68FA1 /* AppDelegate.swift in Sources */ = {isa = PBXBuildFile; fileRef = FC79E0B827DE5F5C00E68FA1 /* AppDelegate.swift */; };
		FC79E0BB27DE5F5C00E68FA1 /* SceneDelegate.swift in Sources */ = {isa = PBXBuildFile; fileRef = FC79E0BA27DE5F5C00E68FA1 /* SceneDelegate.swift */; };
		FC79E0BD27DE5F5C00E68FA1 /* ViewController.swift in Sources */ = {isa = PBXBuildFile; fileRef = FC79E0BC27DE5F5C00E68FA1 /* ViewController.swift */; };
		FC79E0C027DE5F5C00E68FA1 /* Main.storyboard in Resources */ = {isa = PBXBuildFile; fileRef = FC79E0BE27DE5F5C00E68FA1 /* Main.storyboard */; };
		FC79E0C327DE5F5C00E68FA1 /* Practise.xcdatamodeld in Sources */ = {isa = PBXBuildFile; fileRef = FC79E0C127DE5F5C00E68FA1 /* Practise.xcdatamodeld */; };
		FC79E0C527DE5F5E00E68FA1 /* Assets.xcassets in Resources */ = {isa = PBXBuildFile; fileRef = FC79E0C427DE5F5E00E68FA1 /* Assets.xcassets */; };
		FC79E0C827DE5F5E00E68FA1 /* LaunchScreen.storyboard in Resources */ = {isa = PBXBuildFile; fileRef = FC79E0C627DE5F5E00E68FA1 /* LaunchScreen.storyboard */; };
		FC79E0D327DE5F5F00E68FA1 /* PractiseTests.swift in Sources */ = {isa = PBXBuildFile; fileRef = FC79E0D227DE5F5F00E68FA1 /* PractiseTests.swift */; };
		FC79E0DD27DE5F5F00E68FA1 /* PractiseUITests.swift in Sources */ = {isa = PBXBuildFile; fileRef = FC79E0DC27DE5F5F00E68FA1 /* PractiseUITests.swift */; };
		FC79E0DF27DE5F5F00E68FA1 /* PractiseUITestsLaunchTests.swift in Sources */ = {isa = PBXBuildFile; fileRef = FC79E0DE27DE5F5F00E68FA1 /* PractiseUITestsLaunchTests.swift */; };
		FC79E0EC27DE620E00E68FA1 /* Data.swift in Sources */ = {isa = PBXBuildFile; fileRef = FC79E0EB27DE620E00E68FA1 /* Data.swift */; };
/* End PBXBuildFile section */

/* Begin PBXContainerItemProxy section */
		FC79E0CF27DE5F5F00E68FA1 /* PBXContainerItemProxy */ = {
			isa = PBXContainerItemProxy;
			containerPortal = FC79E0AD27DE5F5B00E68FA1 /* Project object */;
			proxyType = 1;
			remoteGlobalIDString = FC79E0B427DE5F5B00E68FA1;
			remoteInfo = Practise;
		};
		FC79E0D927DE5F5F00E68FA1 /* PBXContainerItemProxy */ = {
			isa = PBXContainerItemProxy;
			containerPortal = FC79E0AD27DE5F5B00E68FA1 /* Project object */;
			proxyType = 1;
			remoteGlobalIDString = FC79E0B427DE5F5B00E68FA1;
			remoteInfo = Practise;
		};
/* End PBXContainerItemProxy section */

/* Begin PBXFileReference section */
		FC79E0B527DE5F5C00E68FA1 /* Practise.app */ = {isa = PBXFileReference; explicitFileType = wrapper.application; includeInIndex = 0; path = Practise.app; sourceTree = BUILT_PRODUCTS_DIR; };
		FC79E0B827DE5F5C00E68FA1 /* AppDelegate.swift */ = {isa = PBXFileReference; lastKnownFileType = sourcecode.swift; path = AppDelegate.swift; sourceTree = "<group>"; };
		FC79E0BA27DE5F5C00E68FA1 /* SceneDelegate.swift */ = {isa = PBXFileReference; lastKnownFileType = sourcecode.swift; path = SceneDelegate.swift; sourceTree = "<group>"; };
		FC79E0BC27DE5F5C00E68FA1 /* ViewController.swift */ = {isa = PBXFileReference; lastKnownFileType = sourcecode.swift; path = ViewController.swift; sourceTree = "<group>"; };
		FC79E0BF27DE5F5C00E68FA1 /* Base */ = {isa = PBXFileReference; lastKnownFileType = file.storyboard; name = Base; path = Base.lproj/Main.storyboard; sourceTree = "<group>"; };
		FC79E0C227DE5F5C00E68FA1 /* Practise.xcdatamodel */ = {isa = PBXFileReference; lastKnownFileType = wrapper.xcdatamodel; path = Practise.xcdatamodel; sourceTree = "<group>"; };
		FC79E0C427DE5F5E00E68FA1 /* Assets.xcassets */ = {isa = PBXFileReference; lastKnownFileType = folder.assetcatalog; path = Assets.xcassets; sourceTree = "<group>"; };
		FC79E0C727DE5F5E00E68FA1 /* Base */ = {isa = PBXFileReference; lastKnownFileType = file.storyboard; name = Base; path = Base.lproj/LaunchScreen.storyboard; sourceTree = "<group>"; };
		FC79E0C927DE5F5E00E68FA1 /* Info.plist */ = {isa = PBXFileReference; lastKnownFileType = text.plist.xml; path = Info.plist; sourceTree = "<group>"; };
		FC79E0CE27DE5F5F00E68FA1 /* PractiseTests.xctest */ = {isa = PBXFileReference; explicitFileType = wrapper.cfbundle; includeInIndex = 0; path = PractiseTests.xctest; sourceTree = BUILT_PRODUCTS_DIR; };
		FC79E0D227DE5F5F00E68FA1 /* PractiseTests.swift */ = {isa = PBXFileReference; lastKnownFileType = sourcecode.swift; path = PractiseTests.swift; sourceTree = "<group>"; };
		FC79E0D827DE5F5F00E68FA1 /* PractiseUITests.xctest */ = {isa = PBXFileReference; explicitFileType = wrapper.cfbundle; includeInIndex = 0; path = PractiseUITests.xctest; sourceTree = BUILT_PRODUCTS_DIR; };
		FC79E0DC27DE5F5F00E68FA1 /* PractiseUITests.swift */ = {isa = PBXFileReference; lastKnownFileType = sourcecode.swift; path = PractiseUITests.swift; sourceTree = "<group>"; };
		FC79E0DE27DE5F5F00E68FA1 /* PractiseUITestsLaunchTests.swift */ = {isa = PBXFileReference; lastKnownFileType = sourcecode.swift; path = PractiseUITestsLaunchTests.swift; sourceTree = "<group>"; };
		FC79E0EB27DE620E00E68FA1 /* Data.swift */ = {isa = PBXFileReference; lastKnownFileType = sourcecode.swift; path = Data.swift; sourceTree = "<group>"; };
/* End PBXFileReference section */

/* Begin PBXFrameworksBuildPhase section */
		FC79E0B227DE5F5B00E68FA1 /* Frameworks */ = {
			isa = PBXFrameworksBuildPhase;
			buildActionMask = 2147483647;
			files = (
			);
			runOnlyForDeploymentPostprocessing = 0;
		};
		FC79E0CB27DE5F5F00E68FA1 /* Frameworks */ = {
			isa = PBXFrameworksBuildPhase;
			buildActionMask = 2147483647;
			files = (
			);
			runOnlyForDeploymentPostprocessing = 0;
		};
		FC79E0D527DE5F5F00E68FA1 /* Frameworks */ = {
			isa = PBXFrameworksBuildPhase;
			buildActionMask = 2147483647;
			files = (
			);
			runOnlyForDeploymentPostprocessing = 0;
		};
/* End PBXFrameworksBuildPhase section */

/* Begin PBXGroup section */
		FC79E0AC27DE5F5B00E68FA1 = {
			isa = PBXGroup;
			children = (
				FC79E0B727DE5F5C00E68FA1 /* Practise */,
				FC79E0D127DE5F5F00E68FA1 /* PractiseTests */,
				FC79E0DB27DE5F5F00E68FA1 /* PractiseUITests */,
				FC79E0B627DE5F5C00E68FA1 /* Products */,
			);
			sourceTree = "<group>";
		};
		FC79E0B627DE5F5C00E68FA1 /* Products */ = {
			isa = PBXGroup;
			children = (
				FC79E0B527DE5F5C00E68FA1 /* Practise.app */,
				FC79E0CE27DE5F5F00E68FA1 /* PractiseTests.xctest */,
				FC79E0D827DE5F5F00E68FA1 /* PractiseUITests.xctest */,
			);
			name = Products;
			sourceTree = "<group>";
		};
		FC79E0B727DE5F5C00E68FA1 /* Practise */ = {
			isa = PBXGroup;
			children = (
				FC79E0B827DE5F5C00E68FA1 /* AppDelegate.swift */,
				FC79E0BA27DE5F5C00E68FA1 /* SceneDelegate.swift */,
				FC79E0BC27DE5F5C00E68FA1 /* ViewController.swift */,
				FC79E0EB27DE620E00E68FA1 /* Data.swift */,
				FC79E0BE27DE5F5C00E68FA1 /* Main.storyboard */,
				FC79E0C427DE5F5E00E68FA1 /* Assets.xcassets */,
				FC79E0C627DE5F5E00E68FA1 /* LaunchScreen.storyboard */,
				FC79E0C927DE5F5E00E68FA1 /* Info.plist */,
				FC79E0C127DE5F5C00E68FA1 /* Practise.xcdatamodeld */,
			);
			path = Practise;
			sourceTree = "<group>";
		};
		FC79E0D127DE5F5F00E68FA1 /* PractiseTests */ = {
			isa = PBXGroup;
			children = (
				FC79E0D227DE5F5F00E68FA1 /* PractiseTests.swift */,
			);
			path = PractiseTests;
			sourceTree = "<group>";
		};
		FC79E0DB27DE5F5F00E68FA1 /* PractiseUITests */ = {
			isa = PBXGroup;
			children = (
				FC79E0DC27DE5F5F00E68FA1 /* PractiseUITests.swift */,
				FC79E0DE27DE5F5F00E68FA1 /* PractiseUITestsLaunchTests.swift */,
			);
			path = PractiseUITests;
			sourceTree = "<group>";
		};
/* End PBXGroup section */

/* Begin PBXNativeTarget section */
		FC79E0B427DE5F5B00E68FA1 /* Practise */ = {
			isa = PBXNativeTarget;
			buildConfigurationList = FC79E0E227DE5F5F00E68FA1 /* Build configuration list for PBXNativeTarget "Practise" */;
			buildPhases = (
				FC79E0B127DE5F5B00E68FA1 /* Sources */,
				FC79E0B227DE5F5B00E68FA1 /* Frameworks */,
				FC79E0B327DE5F5B00E68FA1 /* Resources */,
			);
			buildRules = (
			);
			dependencies = (
			);
			name = Practise;
			productName = Practise;
			productReference = FC79E0B527DE5F5C00E68FA1 /* Practise.app */;
			productType = "com.apple.product-type.application";
		};
		FC79E0CD27DE5F5F00E68FA1 /* PractiseTests */ = {
			isa = PBXNativeTarget;
			buildConfigurationList = FC79E0E527DE5F5F00E68FA1 /* Build configuration list for PBXNativeTarget "PractiseTests" */;
			buildPhases = (
				FC79E0CA27DE5F5F00E68FA1 /* Sources */,
				FC79E0CB27DE5F5F00E68FA1 /* Frameworks */,
				FC79E0CC27DE5F5F00E68FA1 /* Resources */,
			);
			buildRules = (
			);
			dependencies = (
				FC79E0D027DE5F5F00E68FA1 /* PBXTargetDependency */,
			);
			name = PractiseTests;
			productName = PractiseTests;
			productReference = FC79E0CE27DE5F5F00E68FA1 /* PractiseTests.xctest */;
			productType = "com.apple.product-type.bundle.unit-test";
		};
		FC79E0D727DE5F5F00E68FA1 /* PractiseUITests */ = {
			isa = PBXNativeTarget;
			buildConfigurationList = FC79E0E827DE5F5F00E68FA1 /* Build configuration list for PBXNativeTarget "PractiseUITests" */;
			buildPhases = (
				FC79E0D427DE5F5F00E68FA1 /* Sources */,
				FC79E0D527DE5F5F00E68FA1 /* Frameworks */,
				FC79E0D627DE5F5F00E68FA1 /* Resources */,
			);
			buildRules = (
			);
			dependencies = (
				FC79E0DA27DE5F5F00E68FA1 /* PBXTargetDependency */,
			);
			name = PractiseUITests;
			productName = PractiseUITests;
			productReference = FC79E0D827DE5F5F00E68FA1 /* PractiseUITests.xctest */;
			productType = "com.apple.product-type.bundle.ui-testing";
		};
/* End PBXNativeTarget section */

/* Begin PBXProject section */
		FC79E0AD27DE5F5B00E68FA1 /* Project object */ = {
			isa = PBXProject;
			attributes = {
				BuildIndependentTargetsInParallel = 1;
				LastSwiftUpdateCheck = 1320;
				LastUpgradeCheck = 1320;
				TargetAttributes = {
					FC79E0B427DE5F5B00E68FA1 = {
						CreatedOnToolsVersion = 13.2.1;
					};
					FC79E0CD27DE5F5F00E68FA1 = {
						CreatedOnToolsVersion = 13.2.1;
						TestTargetID = FC79E0B427DE5F5B00E68FA1;
					};
					FC79E0D727DE5F5F00E68FA1 = {
						CreatedOnToolsVersion = 13.2.1;
						TestTargetID = FC79E0B427DE5F5B00E68FA1;
					};
				};
			};
			buildConfigurationList = FC79E0B027DE5F5B00E68FA1 /* Build configuration list for PBXProject "Practise" */;
			compatibilityVersion = "Xcode 13.0";
			developmentRegion = en;
			hasScannedForEncodings = 0;
			knownRegions = (
				en,
				Base,
			);
			mainGroup = FC79E0AC27DE5F5B00E68FA1;
			productRefGroup = FC79E0B627DE5F5C00E68FA1 /* Products */;
			projectDirPath = "";
			projectRoot = "";
			targets = (
				FC79E0B427DE5F5B00E68FA1 /* Practise */,
				FC79E0CD27DE5F5F00E68FA1 /* PractiseTests */,
				FC79E0D727DE5F5F00E68FA1 /* PractiseUITests */,
			);
		};
/* End PBXProject section */

/* Begin PBXResourcesBuildPhase section */
		FC79E0B327DE5F5B00E68FA1 /* Resources */ = {
			isa = PBXResourcesBuildPhase;
			buildActionMask = 2147483647;
			files = (
				FC79E0C827DE5F5E00E68FA1 /* LaunchScreen.storyboard in Resources */,
				FC79E0C527DE5F5E00E68FA1 /* Assets.xcassets in Resources */,
				FC79E0C027DE5F5C00E68FA1 /* Main.storyboard in Resources */,
			);
			runOnlyForDeploymentPostprocessing = 0;
		};
		FC79E0CC27DE5F5F00E68FA1 /* Resources */ = {
			isa = PBXResourcesBuildPhase;
			buildActionMask = 2147483647;
			files = (
			);
			runOnlyForDeploymentPostprocessing = 0;
		};
		FC79E0D627DE5F5F00E68FA1 /* Resources */ = {
			isa = PBXResourcesBuildPhase;
			buildActionMask = 2147483647;
			files = (
			);
			runOnlyForDeploymentPostprocessing = 0;
		};
/* End PBXResourcesBuildPhase section */

/* Begin PBXSourcesBuildPhase section */
		FC79E0B127DE5F5B00E68FA1 /* Sources */ = {
			isa = PBXSourcesBuildPhase;
			buildActionMask = 2147483647;
			files = (
				FC79E0C327DE5F5C00E68FA1 /* Practise.xcdatamodeld in Sources */,
				FC79E0EC27DE620E00E68FA1 /* Data.swift in Sources */,
				FC79E0BD27DE5F5C00E68FA1 /* ViewController.swift in Sources */,
				FC79E0B927DE5F5C00E68FA1 /* AppDelegate.swift in Sources */,
				FC79E0BB27DE5F5C00E68FA1 /* SceneDelegate.swift in Sources */,
			);
			runOnlyForDeploymentPostprocessing = 0;
		};
		FC79E0CA27DE5F5F00E68FA1 /* Sources */ = {
			isa = PBXSourcesBuildPhase;
			buildActionMask = 2147483647;
			files = (
				FC79E0D327DE5F5F00E68FA1 /* PractiseTests.swift in Sources */,
			);
			runOnlyForDeploymentPostprocessing = 0;
		};
		FC79E0D427DE5F5F00E68FA1 /* Sources */ = {
			isa = PBXSourcesBuildPhase;
			buildActionMask = 2147483647;
			files = (
				FC79E0DF27DE5F5F00E68FA1 /* PractiseUITestsLaunchTests.swift in Sources */,
				FC79E0DD27DE5F5F00E68FA1 /* PractiseUITests.swift in Sources */,
			);
			runOnlyForDeploymentPostprocessing = 0;
		};
/* End PBXSourcesBuildPhase section */

/* Begin PBXTargetDependency section */
		FC79E0D027DE5F5F00E68FA1 /* PBXTargetDependency */ = {
			isa = PBXTargetDependency;
			target = FC79E0B427DE5F5B00E68FA1 /* Practise */;
			targetProxy = FC79E0CF27DE5F5F00E68FA1 /* PBXContainerItemProxy */;
		};
		FC79E0DA27DE5F5F00E68FA1 /* PBXTargetDependency */ = {
			isa = PBXTargetDependency;
			target = FC79E0B427DE5F5B00E68FA1 /* Practise */;
			targetProxy = FC79E0D927DE5F5F00E68FA1 /* PBXContainerItemProxy */;
		};
/* End PBXTargetDependency section */

/* Begin PBXVariantGroup section */
		FC79E0BE27DE5F5C00E68FA1 /* Main.storyboard */ = {
			isa = PBXVariantGroup;
			children = (
				FC79E0BF27DE5F5C00E68FA1 /* Base */,
			);
			name = Main.storyboard;
			sourceTree = "<group>";
		};
		FC79E0C627DE5F5E00E68FA1 /* LaunchScreen.storyboard */ = {
			isa = PBXVariantGroup;
			children = (
				FC79E0C727DE5F5E00E68FA1 /* Base */,
			);
			name = LaunchScreen.storyboard;
			sourceTree = "<group>";
		};
/* End PBXVariantGroup section */

/* Begin XCBuildConfiguration section */
		FC79E0E027DE5F5F00E68FA1 /* Debug */ = {
			isa = XCBuildConfiguration;
			buildSettings = {
				ALWAYS_SEARCH_USER_PATHS = NO;
				CLANG_ANALYZER_NONNULL = YES;
				CLANG_ANALYZER_NUMBER_OBJECT_CONVERSION = YES_AGGRESSIVE;
				CLANG_CXX_LANGUAGE_STANDARD = "gnu++17";
				CLANG_CXX_LIBRARY = "libc++";
				CLANG_ENABLE_MODULES = YES;
				CLANG_ENABLE_OBJC_ARC = YES;
				CLANG_ENABLE_OBJC_WEAK = YES;
				CLANG_WARN_BLOCK_CAPTURE_AUTORELEASING = YES;
				CLANG_WARN_BOOL_CONVERSION = YES;
				CLANG_WARN_COMMA = YES;
				CLANG_WARN_CONSTANT_CONVERSION = YES;
				CLANG_WARN_DEPRECATED_OBJC_IMPLEMENTATIONS = YES;
				CLANG_WARN_DIRECT_OBJC_ISA_USAGE = YES_ERROR;
				CLANG_WARN_DOCUMENTATION_COMMENTS = YES;
				CLANG_WARN_EMPTY_BODY = YES;
				CLANG_WARN_ENUM_CONVERSION = YES;
				CLANG_WARN_INFINITE_RECURSION = YES;
				CLANG_WARN_INT_CONVERSION = YES;
				CLANG_WARN_NON_LITERAL_NULL_CONVERSION = YES;
				CLANG_WARN_OBJC_IMPLICIT_RETAIN_SELF = YES;
				CLANG_WARN_OBJC_LITERAL_CONVERSION = YES;
				CLANG_WARN_OBJC_ROOT_CLASS = YES_ERROR;
				CLANG_WARN_QUOTED_INCLUDE_IN_FRAMEWORK_HEADER = YES;
				CLANG_WARN_RANGE_LOOP_ANALYSIS = YES;
				CLANG_WARN_STRICT_PROTOTYPES = YES;
				CLANG_WARN_SUSPICIOUS_MOVE = YES;
				CLANG_WARN_UNGUARDED_AVAILABILITY = YES_AGGRESSIVE;
				CLANG_WARN_UNREACHABLE_CODE = YES;
				CLANG_WARN__DUPLICATE_METHOD_MATCH = YES;
				COPY_PHASE_STRIP = NO;
				DEBUG_INFORMATION_FORMAT = dwarf;
				ENABLE_STRICT_OBJC_MSGSEND = YES;
				ENABLE_TESTABILITY = YES;
				GCC_C_LANGUAGE_STANDARD = gnu11;
				GCC_DYNAMIC_NO_PIC = NO;
				GCC_NO_COMMON_BLOCKS = YES;
				GCC_OPTIMIZATION_LEVEL = 0;
				GCC_PREPROCESSOR_DEFINITIONS = (
					"DEBUG=1",
					"$(inherited)",
				);
				GCC_WARN_64_TO_32_BIT_CONVERSION = YES;
				GCC_WARN_ABOUT_RETURN_TYPE = YES_ERROR;
				GCC_WARN_UNDECLARED_SELECTOR = YES;
				GCC_WARN_UNINITIALIZED_AUTOS = YES_AGGRESSIVE;
				GCC_WARN_UNUSED_FUNCTION = YES;
				GCC_WARN_UNUSED_VARIABLE = YES;
				IPHONEOS_DEPLOYMENT_TARGET = 15.2;
				MTL_ENABLE_DEBUG_INFO = INCLUDE_SOURCE;
				MTL_FAST_MATH = YES;
				ONLY_ACTIVE_ARCH = YES;
				SDKROOT = iphoneos;
				SWIFT_ACTIVE_COMPILATION_CONDITIONS = DEBUG;
				SWIFT_OPTIMIZATION_LEVEL = "-Onone";
			};
			name = Debug;
		};
		FC79E0E127DE5F5F00E68FA1 /* Release */ = {
			isa = XCBuildConfiguration;
			buildSettings = {
				ALWAYS_SEARCH_USER_PATHS = NO;
				CLANG_ANALYZER_NONNULL = YES;
				CLANG_ANALYZER_NUMBER_OBJECT_CONVERSION = YES_AGGRESSIVE;
				CLANG_CXX_LANGUAGE_STANDARD = "gnu++17";
				CLANG_CXX_LIBRARY = "libc++";
				CLANG_ENABLE_MODULES = YES;
				CLANG_ENABLE_OBJC_ARC = YES;
				CLANG_ENABLE_OBJC_WEAK = YES;
				CLANG_WARN_BLOCK_CAPTURE_AUTORELEASING = YES;
				CLANG_WARN_BOOL_CONVERSION = YES;
				CLANG_WARN_COMMA = YES;
				CLANG_WARN_CONSTANT_CONVERSION = YES;
				CLANG_WARN_DEPRECATED_OBJC_IMPLEMENTATIONS = YES;
				CLANG_WARN_DIRECT_OBJC_ISA_USAGE = YES_ERROR;
				CLANG_WARN_DOCUMENTATION_COMMENTS = YES;
				CLANG_WARN_EMPTY_BODY = YES;
				CLANG_WARN_ENUM_CONVERSION = YES;
				CLANG_WARN_INFINITE_RECURSION = YES;
				CLANG_WARN_INT_CONVERSION = YES;
				CLANG_WARN_NON_LITERAL_NULL_CONVERSION = YES;
				CLANG_WARN_OBJC_IMPLICIT_RETAIN_SELF = YES;
				CLANG_WARN_OBJC_LITERAL_CONVERSION = YES;
				CLANG_WARN_OBJC_ROOT_CLASS = YES_ERROR;
				CLANG_WARN_QUOTED_INCLUDE_IN_FRAMEWORK_HEADER = YES;
				CLANG_WARN_RANGE_LOOP_ANALYSIS = YES;
				CLANG_WARN_STRICT_PROTOTYPES = YES;
				CLANG_WARN_SUSPICIOUS_MOVE = YES;
				CLANG_WARN_UNGUARDED_AVAILABILITY = YES_AGGRESSIVE;
				CLANG_WARN_UNREACHABLE_CODE = YES;
				CLANG_WARN__DUPLICATE_METHOD_MATCH = YES;
				COPY_PHASE_STRIP = NO;
				DEBUG_INFORMATION_FORMAT = "dwarf-with-dsym";
				ENABLE_NS_ASSERTIONS = NO;
				ENABLE_STRICT_OBJC_MSGSEND = YES;
				GCC_C_LANGUAGE_STANDARD = gnu11;
				GCC_NO_COMMON_BLOCKS = YES;
				GCC_WARN_64_TO_32_BIT_CONVERSION = YES;
				GCC_WARN_ABOUT_RETURN_TYPE = YES_ERROR;
				GCC_WARN_UNDECLARED_SELECTOR = YES;
				GCC_WARN_UNINITIALIZED_AUTOS = YES_AGGRESSIVE;
				GCC_WARN_UNUSED_FUNCTION = YES;
				GCC_WARN_UNUSED_VARIABLE = YES;
				IPHONEOS_DEPLOYMENT_TARGET = 15.2;
				MTL_ENABLE_DEBUG_INFO = NO;
				MTL_FAST_MATH = YES;
				SDKROOT = iphoneos;
				SWIFT_COMPILATION_MODE = wholemodule;
				SWIFT_OPTIMIZATION_LEVEL = "-O";
				VALIDATE_PRODUCT = YES;
			};
			name = Release;
		};
		FC79E0E327DE5F5F00E68FA1 /* Debug */ = {
			isa = XCBuildConfiguration;
			buildSettings = {
				ASSETCATALOG_COMPILER_APPICON_NAME = AppIcon;
				ASSETCATALOG_COMPILER_GLOBAL_ACCENT_COLOR_NAME = AccentColor;
				CODE_SIGN_STYLE = Automatic;
				CURRENT_PROJECT_VERSION = 1;
				GENERATE_INFOPLIST_FILE = YES;
				INFOPLIST_FILE = Practise/Info.plist;
				INFOPLIST_KEY_UIApplicationSupportsIndirectInputEvents = YES;
				INFOPLIST_KEY_UILaunchStoryboardName = LaunchScreen;
				INFOPLIST_KEY_UIMainStoryboardFile = Main;
				INFOPLIST_KEY_UISupportedInterfaceOrientations_iPad = "UIInterfaceOrientationPortrait UIInterfaceOrientationPortraitUpsideDown UIInterfaceOrientationLandscapeLeft UIInterfaceOrientationLandscapeRight";
				INFOPLIST_KEY_UISupportedInterfaceOrientations_iPhone = "UIInterfaceOrientationPortrait UIInterfaceOrientationLandscapeLeft UIInterfaceOrientationLandscapeRight";
				LD_RUNPATH_SEARCH_PATHS = (
					"$(inherited)",
					"@executable_path/Frameworks",
				);
				MARKETING_VERSION = 1.0;
				PRODUCT_BUNDLE_IDENTIFIER = Donia.Practise;
				PRODUCT_NAME = "$(TARGET_NAME)";
				SWIFT_EMIT_LOC_STRINGS = YES;
				SWIFT_VERSION = 5.0;
				TARGETED_DEVICE_FAMILY = "1,2";
			};
			name = Debug;
		};
		FC79E0E427DE5F5F00E68FA1 /* Release */ = {
			isa = XCBuildConfiguration;
			buildSettings = {
				ASSETCATALOG_COMPILER_APPICON_NAME = AppIcon;
				ASSETCATALOG_COMPILER_GLOBAL_ACCENT_COLOR_NAME = AccentColor;
				CODE_SIGN_STYLE = Automatic;
				CURRENT_PROJECT_VERSION = 1;
				GENERATE_INFOPLIST_FILE = YES;
				INFOPLIST_FILE = Practise/Info.plist;
				INFOPLIST_KEY_UIApplicationSupportsIndirectInputEvents = YES;
				INFOPLIST_KEY_UILaunchStoryboardName = LaunchScreen;
				INFOPLIST_KEY_UIMainStoryboardFile = Main;
				INFOPLIST_KEY_UISupportedInterfaceOrientations_iPad = "UIInterfaceOrientationPortrait UIInterfaceOrientationPortraitUpsideDown UIInterfaceOrientationLandscapeLeft UIInterfaceOrientationLandscapeRight";
				INFOPLIST_KEY_UISupportedInterfaceOrientations_iPhone = "UIInterfaceOrientationPortrait UIInterfaceOrientationLandscapeLeft UIInterfaceOrientationLandscapeRight";
				LD_RUNPATH_SEARCH_PATHS = (
					"$(inherited)",
					"@executable_path/Frameworks",
				);
				MARKETING_VERSION = 1.0;
				PRODUCT_BUNDLE_IDENTIFIER = Donia.Practise;
				PRODUCT_NAME = "$(TARGET_NAME)";
				SWIFT_EMIT_LOC_STRINGS = YES;
				SWIFT_VERSION = 5.0;
				TARGETED_DEVICE_FAMILY = "1,2";
			};
			name = Release;
		};
		FC79E0E627DE5F5F00E68FA1 /* Debug */ = {
			isa = XCBuildConfiguration;
			buildSettings = {
				ALWAYS_EMBED_SWIFT_STANDARD_LIBRARIES = YES;
				BUNDLE_LOADER = "$(TEST_HOST)";
				CODE_SIGN_STYLE = Automatic;
				CURRENT_PROJECT_VERSION = 1;
				GENERATE_INFOPLIST_FILE = YES;
				IPHONEOS_DEPLOYMENT_TARGET = 15.2;
				MARKETING_VERSION = 1.0;
				PRODUCT_BUNDLE_IDENTIFIER = Donia.PractiseTests;
				PRODUCT_NAME = "$(TARGET_NAME)";
				SWIFT_EMIT_LOC_STRINGS = NO;
				SWIFT_VERSION = 5.0;
				TARGETED_DEVICE_FAMILY = "1,2";
				TEST_HOST = "$(BUILT_PRODUCTS_DIR)/Practise.app/Practise";
			};
			name = Debug;
		};
		FC79E0E727DE5F5F00E68FA1 /* Release */ = {
			isa = XCBuildConfiguration;
			buildSettings = {
				ALWAYS_EMBED_SWIFT_STANDARD_LIBRARIES = YES;
				BUNDLE_LOADER = "$(TEST_HOST)";
				CODE_SIGN_STYLE = Automatic;
				CURRENT_PROJECT_VERSION = 1;
				GENERATE_INFOPLIST_FILE = YES;
				IPHONEOS_DEPLOYMENT_TARGET = 15.2;
				MARKETING_VERSION = 1.0;
				PRODUCT_BUNDLE_IDENTIFIER = Donia.PractiseTests;
				PRODUCT_NAME = "$(TARGET_NAME)";
				SWIFT_EMIT_LOC_STRINGS = NO;
				SWIFT_VERSION = 5.0;
				TARGETED_DEVICE_FAMILY = "1,2";
				TEST_HOST = "$(BUILT_PRODUCTS_DIR)/Practise.app/Practise";
			};
			name = Release;
		};
		FC79E0E927DE5F5F00E68FA1 /* Debug */ = {
			isa = XCBuildConfiguration;
			buildSettings = {
				ALWAYS_EMBED_SWIFT_STANDARD_LIBRARIES = YES;
				CODE_SIGN_STYLE = Automatic;
				CURRENT_PROJECT_VERSION = 1;
				GENERATE_INFOPLIST_FILE = YES;
				MARKETING_VERSION = 1.0;
				PRODUCT_BUNDLE_IDENTIFIER = Donia.PractiseUITests;
				PRODUCT_NAME = "$(TARGET_NAME)";
				SWIFT_EMIT_LOC_STRINGS = NO;
				SWIFT_VERSION = 5.0;
				TARGETED_DEVICE_FAMILY = "1,2";
				TEST_TARGET_NAME = Practise;
			};
			name = Debug;
		};
		FC79E0EA27DE5F5F00E68FA1 /* Release */ = {
			isa = XCBuildConfiguration;
			buildSettings = {
				ALWAYS_EMBED_SWIFT_STANDARD_LIBRARIES = YES;
				CODE_SIGN_STYLE = Automatic;
				CURRENT_PROJECT_VERSION = 1;
				GENERATE_INFOPLIST_FILE = YES;
				MARKETING_VERSION = 1.0;
				PRODUCT_BUNDLE_IDENTIFIER = Donia.PractiseUITests;
				PRODUCT_NAME = "$(TARGET_NAME)";
				SWIFT_EMIT_LOC_STRINGS = NO;
				SWIFT_VERSION = 5.0;
				TARGETED_DEVICE_FAMILY = "1,2";
				TEST_TARGET_NAME = Practise;
			};
			name = Release;
		};
/* End XCBuildConfiguration section */

/* Begin XCConfigurationList section */
		FC79E0B027DE5F5B00E68FA1 /* Build configuration list for PBXProject "Practise" */ = {
			isa = XCConfigurationList;
			buildConfigurations = (
				FC79E0E027DE5F5F00E68FA1 /* Debug */,
				FC79E0E127DE5F5F00E68FA1 /* Release */,
			);
			defaultConfigurationIsVisible = 0;
			defaultConfigurationName = Release;
		};
		FC79E0E227DE5F5F00E68FA1 /* Build configuration list for PBXNativeTarget "Practise" */ = {
			isa = XCConfigurationList;
			buildConfigurations = (
				FC79E0E327DE5F5F00E68FA1 /* Debug */,
				FC79E0E427DE5F5F00E68FA1 /* Release */,
			);
			defaultConfigurationIsVisible = 0;
			defaultConfigurationName = Release;
		};
		FC79E0E527DE5F5F00E68FA1 /* Build configuration list for PBXNativeTarget "PractiseTests" */ = {
			isa = XCConfigurationList;
			buildConfigurations = (
				FC79E0E627DE5F5F00E68FA1 /* Debug */,
				FC79E0E727DE5F5F00E68FA1 /* Release */,
			);
			defaultConfigurationIsVisible = 0;
			defaultConfigurationName = Release;
		};
		FC79E0E827DE5F5F00E68FA1 /* Build configuration list for PBXNativeTarget "PractiseUITests" */ = {
			isa = XCConfigurationList;
			buildConfigurations = (
				FC79E0E927DE5F5F00E68FA1 /* Debug */,
				FC79E0EA27DE5F5F00E68FA1 /* Release */,
			);
			defaultConfigurationIsVisible = 0;
			defaultConfigurationName = Release;
		};
/* End XCConfigurationList section */

/* Begin XCVersionGroup section */
		FC79E0C127DE5F5C00E68FA1 /* Practise.xcdatamodeld */ = {
			isa = XCVersionGroup;
			children = (
				FC79E0C227DE5F5C00E68FA1 /* Practise.xcdatamodel */,
			);
			currentVersion = FC79E0C227DE5F5C00E68FA1 /* Practise.xcdatamodel */;
			path = Practise.xcdatamodeld;
			sourceTree = "<group>";
			versionGroupType = wrapper.xcdatamodel;
		};
/* End XCVersionGroup section */
	};
	rootObject = FC79E0AD27DE5F5B00E68FA1 /* Project object */;
}
